// !$*UTF8*$!
{
	archiveVersion = 1;
	classes = {
	};
	objectVersion = 46;
	objects = {

/* Begin PBXBuildFile section */
		2B128F2118883ABF0055F6A3 /* Foundation.framework in Frameworks */ = {isa = PBXBuildFile; fileRef = 2B128F2018883ABF0055F6A3 /* Foundation.framework */; };
		2B128F2318883ABF0055F6A3 /* CoreGraphics.framework in Frameworks */ = {isa = PBXBuildFile; fileRef = 2B128F2218883ABF0055F6A3 /* CoreGraphics.framework */; };
		2B128F2518883ABF0055F6A3 /* UIKit.framework in Frameworks */ = {isa = PBXBuildFile; fileRef = 2B128F2418883ABF0055F6A3 /* UIKit.framework */; };
		2B128F2B18883ABF0055F6A3 /* InfoPlist.strings in Resources */ = {isa = PBXBuildFile; fileRef = 2B128F2918883ABF0055F6A3 /* InfoPlist.strings */; };
		2B128F2D18883ABF0055F6A3 /* main.m in Sources */ = {isa = PBXBuildFile; fileRef = 2B128F2C18883ABF0055F6A3 /* main.m */; };
		2B128F3118883ABF0055F6A3 /* CLSAppDelegate.m in Sources */ = {isa = PBXBuildFile; fileRef = 2B128F3018883ABF0055F6A3 /* CLSAppDelegate.m */; };
		2B128F3418883ABF0055F6A3 /* Main.storyboard in Resources */ = {isa = PBXBuildFile; fileRef = 2B128F3218883ABF0055F6A3 /* Main.storyboard */; };
		2B128F3718883ABF0055F6A3 /* CLSViewController.m in Sources */ = {isa = PBXBuildFile; fileRef = 2B128F3618883ABF0055F6A3 /* CLSViewController.m */; };
		2B128F3918883ABF0055F6A3 /* Images.xcassets in Resources */ = {isa = PBXBuildFile; fileRef = 2B128F3818883ABF0055F6A3 /* Images.xcassets */; };
		2B128F4018883ABF0055F6A3 /* XCTest.framework in Frameworks */ = {isa = PBXBuildFile; fileRef = 2B128F3F18883ABF0055F6A3 /* XCTest.framework */; };
		2B128F4118883ABF0055F6A3 /* Foundation.framework in Frameworks */ = {isa = PBXBuildFile; fileRef = 2B128F2018883ABF0055F6A3 /* Foundation.framework */; };
		2B128F4218883ABF0055F6A3 /* UIKit.framework in Frameworks */ = {isa = PBXBuildFile; fileRef = 2B128F2418883ABF0055F6A3 /* UIKit.framework */; };
		2B128F4A18883ABF0055F6A3 /* InfoPlist.strings in Resources */ = {isa = PBXBuildFile; fileRef = 2B128F4818883ABF0055F6A3 /* InfoPlist.strings */; };
		2B128F4C18883ABF0055F6A3 /* DrinkingGameMemeIpadTests.m in Sources */ = {isa = PBXBuildFile; fileRef = 2B128F4B18883ABF0055F6A3 /* DrinkingGameMemeIpadTests.m */; };
		2B128F58188841660055F6A3 /* SERPENTES E ESCADAS.jpg in Resources */ = {isa = PBXBuildFile; fileRef = 2B128F57188841660055F6A3 /* SERPENTES E ESCADAS.jpg */; };
		2B128F5A188843B00055F6A3 /* troll_face_small.png in Resources */ = {isa = PBXBuildFile; fileRef = 2B128F59188843B00055F6A3 /* troll_face_small.png */; };
		2B128F5C1888A6C80055F6A3 /* drinking_game.jpg in Resources */ = {isa = PBXBuildFile; fileRef = 2B128F5B1888A6C80055F6A3 /* drinking_game.jpg */; };
		2B128F5F1888AC3D0055F6A3 /* drinking_game.png in Resources */ = {isa = PBXBuildFile; fileRef = 2B128F5D1888AC3D0055F6A3 /* drinking_game.png */; };
		2B128F601888AC3D0055F6A3 /* troll_face_small copy.png in Resources */ = {isa = PBXBuildFile; fileRef = 2B128F5E1888AC3D0055F6A3 /* troll_face_small copy.png */; };
/* End PBXBuildFile section */

/* Begin PBXContainerItemProxy section */
		2B128F4318883ABF0055F6A3 /* PBXContainerItemProxy */ = {
			isa = PBXContainerItemProxy;
			containerPortal = 2B128F1518883ABF0055F6A3 /* Project object */;
			proxyType = 1;
			remoteGlobalIDString = 2B128F1C18883ABF0055F6A3;
			remoteInfo = DrinkingGameMemeIpad;
		};
/* End PBXContainerItemProxy section */

/* Begin PBXFileReference section */
		2B128F1D18883ABF0055F6A3 /* DrinkingGameMemeIpad.app */ = {isa = PBXFileReference; explicitFileType = wrapper.application; includeInIndex = 0; path = DrinkingGameMemeIpad.app; sourceTree = BUILT_PRODUCTS_DIR; };
		2B128F2018883ABF0055F6A3 /* Foundation.framework */ = {isa = PBXFileReference; lastKnownFileType = wrapper.framework; name = Foundation.framework; path = System/Library/Frameworks/Foundation.framework; sourceTree = SDKROOT; };
		2B128F2218883ABF0055F6A3 /* CoreGraphics.framework */ = {isa = PBXFileReference; lastKnownFileType = wrapper.framework; name = CoreGraphics.framework; path = System/Library/Frameworks/CoreGraphics.framework; sourceTree = SDKROOT; };
		2B128F2418883ABF0055F6A3 /* UIKit.framework */ = {isa = PBXFileReference; lastKnownFileType = wrapper.framework; name = UIKit.framework; path = System/Library/Frameworks/UIKit.framework; sourceTree = SDKROOT; };
		2B128F2818883ABF0055F6A3 /* DrinkingGameMemeIpad-Info.plist */ = {isa = PBXFileReference; lastKnownFileType = text.plist.xml; path = "DrinkingGameMemeIpad-Info.plist"; sourceTree = "<group>"; };
		2B128F2A18883ABF0055F6A3 /* en */ = {isa = PBXFileReference; lastKnownFileType = text.plist.strings; name = en; path = en.lproj/InfoPlist.strings; sourceTree = "<group>"; };
		2B128F2C18883ABF0055F6A3 /* main.m */ = {isa = PBXFileReference; lastKnownFileType = sourcecode.c.objc; path = main.m; sourceTree = "<group>"; };
		2B128F2E18883ABF0055F6A3 /* DrinkingGameMemeIpad-Prefix.pch */ = {isa = PBXFileReference; lastKnownFileType = sourcecode.c.h; path = "DrinkingGameMemeIpad-Prefix.pch"; sourceTree = "<group>"; };
		2B128F2F18883ABF0055F6A3 /* CLSAppDelegate.h */ = {isa = PBXFileReference; lastKnownFileType = sourcecode.c.h; path = CLSAppDelegate.h; sourceTree = "<group>"; };
		2B128F3018883ABF0055F6A3 /* CLSAppDelegate.m */ = {isa = PBXFileReference; lastKnownFileType = sourcecode.c.objc; path = CLSAppDelegate.m; sourceTree = "<group>"; };
		2B128F3318883ABF0055F6A3 /* Base */ = {isa = PBXFileReference; lastKnownFileType = file.storyboard; name = Base; path = Base.lproj/Main.storyboard; sourceTree = "<group>"; };
		2B128F3518883ABF0055F6A3 /* CLSViewController.h */ = {isa = PBXFileReference; lastKnownFileType = sourcecode.c.h; path = CLSViewController.h; sourceTree = "<group>"; };
		2B128F3618883ABF0055F6A3 /* CLSViewController.m */ = {isa = PBXFileReference; lastKnownFileType = sourcecode.c.objc; path = CLSViewController.m; sourceTree = "<group>"; };
		2B128F3818883ABF0055F6A3 /* Images.xcassets */ = {isa = PBXFileReference; lastKnownFileType = folder.assetcatalog; path = Images.xcassets; sourceTree = "<group>"; };
		2B128F3E18883ABF0055F6A3 /* DrinkingGameMemeIpadTests.xctest */ = {isa = PBXFileReference; explicitFileType = wrapper.cfbundle; includeInIndex = 0; path = DrinkingGameMemeIpadTests.xctest; sourceTree = BUILT_PRODUCTS_DIR; };
		2B128F3F18883ABF0055F6A3 /* XCTest.framework */ = {isa = PBXFileReference; lastKnownFileType = wrapper.framework; name = XCTest.framework; path = Library/Frameworks/XCTest.framework; sourceTree = DEVELOPER_DIR; };
		2B128F4718883ABF0055F6A3 /* DrinkingGameMemeIpadTests-Info.plist */ = {isa = PBXFileReference; lastKnownFileType = text.plist.xml; path = "DrinkingGameMemeIpadTests-Info.plist"; sourceTree = "<group>"; };
		2B128F4918883ABF0055F6A3 /* en */ = {isa = PBXFileReference; lastKnownFileType = text.plist.strings; name = en; path = en.lproj/InfoPlist.strings; sourceTree = "<group>"; };
		2B128F4B18883ABF0055F6A3 /* DrinkingGameMemeIpadTests.m */ = {isa = PBXFileReference; lastKnownFileType = sourcecode.c.objc; path = DrinkingGameMemeIpadTests.m; sourceTree = "<group>"; };
		2B128F57188841660055F6A3 /* SERPENTES E ESCADAS.jpg */ = {isa = PBXFileReference; lastKnownFileType = image.jpeg; name = "SERPENTES E ESCADAS.jpg"; path = "../../../../Downloads/SERPENTES E ESCADAS.jpg"; sourceTree = "<group>"; };
		2B128F59188843B00055F6A3 /* troll_face_small.png */ = {isa = PBXFileReference; lastKnownFileType = image.png; name = troll_face_small.png; path = ../../../../Downloads/troll_face_small.png; sourceTree = "<group>"; };
		2B128F5B1888A6C80055F6A3 /* drinking_game.jpg */ = {isa = PBXFileReference; lastKnownFileType = image.jpeg; name = drinking_game.jpg; path = ../../../../Downloads/drinking_game.jpg; sourceTree = "<group>"; };
		2B128F5D1888AC3D0055F6A3 /* drinking_game.png */ = {isa = PBXFileReference; lastKnownFileType = image.png; name = drinking_game.png; path = ../../../../Downloads/drinking_game.png; sourceTree = "<group>"; };
		2B128F5E1888AC3D0055F6A3 /* troll_face_small copy.png */ = {isa = PBXFileReference; lastKnownFileType = image.png; name = "troll_face_small copy.png"; path = "../../../../Downloads/troll_face_small copy.png"; sourceTree = "<group>"; };
/* End PBXFileReference section */

/* Begin PBXFrameworksBuildPhase section */
		2B128F1A18883ABF0055F6A3 /* Frameworks */ = {
			isa = PBXFrameworksBuildPhase;
			buildActionMask = 2147483647;
			files = (
				2B128F2318883ABF0055F6A3 /* CoreGraphics.framework in Frameworks */,
				2B128F2518883ABF0055F6A3 /* UIKit.framework in Frameworks */,
				2B128F2118883ABF0055F6A3 /* Foundation.framework in Frameworks */,
			);
			runOnlyForDeploymentPostprocessing = 0;
		};
		2B128F3B18883ABF0055F6A3 /* Frameworks */ = {
			isa = PBXFrameworksBuildPhase;
			buildActionMask = 2147483647;
			files = (
				2B128F4018883ABF0055F6A3 /* XCTest.framework in Frameworks */,
				2B128F4218883ABF0055F6A3 /* UIKit.framework in Frameworks */,
				2B128F4118883ABF0055F6A3 /* Foundation.framework in Frameworks */,
			);
			runOnlyForDeploymentPostprocessing = 0;
		};
/* End PBXFrameworksBuildPhase section */

/* Begin PBXGroup section */
		2B128F1418883ABF0055F6A3 = {
			isa = PBXGroup;
			children = (
				2B128F2618883ABF0055F6A3 /* DrinkingGameMemeIpad */,
				2B128F4518883ABF0055F6A3 /* DrinkingGameMemeIpadTests */,
				2B128F1F18883ABF0055F6A3 /* Frameworks */,
				2B128F1E18883ABF0055F6A3 /* Products */,
			);
			sourceTree = "<group>";
		};
		2B128F1E18883ABF0055F6A3 /* Products */ = {
			isa = PBXGroup;
			children = (
				2B128F1D18883ABF0055F6A3 /* DrinkingGameMemeIpad.app */,
				2B128F3E18883ABF0055F6A3 /* DrinkingGameMemeIpadTests.xctest */,
			);
			name = Products;
			sourceTree = "<group>";
		};
		2B128F1F18883ABF0055F6A3 /* Frameworks */ = {
			isa = PBXGroup;
			children = (
				2B128F2018883ABF0055F6A3 /* Foundation.framework */,
				2B128F2218883ABF0055F6A3 /* CoreGraphics.framework */,
				2B128F2418883ABF0055F6A3 /* UIKit.framework */,
				2B128F3F18883ABF0055F6A3 /* XCTest.framework */,
			);
			name = Frameworks;
			sourceTree = "<group>";
		};
		2B128F2618883ABF0055F6A3 /* DrinkingGameMemeIpad */ = {
			isa = PBXGroup;
			children = (
				2B128F2F18883ABF0055F6A3 /* CLSAppDelegate.h */,
				2B128F3018883ABF0055F6A3 /* CLSAppDelegate.m */,
				2B128F3218883ABF0055F6A3 /* Main.storyboard */,
				2B128F3518883ABF0055F6A3 /* CLSViewController.h */,
				2B128F3618883ABF0055F6A3 /* CLSViewController.m */,
				2B128F5B1888A6C80055F6A3 /* drinking_game.jpg */,
				2B128F3818883ABF0055F6A3 /* Images.xcassets */,
				2B128F5D1888AC3D0055F6A3 /* drinking_game.png */,
				2B128F5E1888AC3D0055F6A3 /* troll_face_small copy.png */,
				2B128F59188843B00055F6A3 /* troll_face_small.png */,
				2B128F57188841660055F6A3 /* SERPENTES E ESCADAS.jpg */,
				2B128F2718883ABF0055F6A3 /* Supporting Files */,
			);
			path = DrinkingGameMemeIpad;
			sourceTree = "<group>";
		};
		2B128F2718883ABF0055F6A3 /* Supporting Files */ = {
			isa = PBXGroup;
			children = (
				2B128F2818883ABF0055F6A3 /* DrinkingGameMemeIpad-Info.plist */,
				2B128F2918883ABF0055F6A3 /* InfoPlist.strings */,
				2B128F2C18883ABF0055F6A3 /* main.m */,
				2B128F2E18883ABF0055F6A3 /* DrinkingGameMemeIpad-Prefix.pch */,
			);
			name = "Supporting Files";
			sourceTree = "<group>";
		};
		2B128F4518883ABF0055F6A3 /* DrinkingGameMemeIpadTests */ = {
			isa = PBXGroup;
			children = (
				2B128F4B18883ABF0055F6A3 /* DrinkingGameMemeIpadTests.m */,
				2B128F4618883ABF0055F6A3 /* Supporting Files */,
			);
			path = DrinkingGameMemeIpadTests;
			sourceTree = "<group>";
		};
		2B128F4618883ABF0055F6A3 /* Supporting Files */ = {
			isa = PBXGroup;
			children = (
				2B128F4718883ABF0055F6A3 /* DrinkingGameMemeIpadTests-Info.plist */,
				2B128F4818883ABF0055F6A3 /* InfoPlist.strings */,
			);
			name = "Supporting Files";
			sourceTree = "<group>";
		};
/* End PBXGroup section */

/* Begin PBXNativeTarget section */
		2B128F1C18883ABF0055F6A3 /* DrinkingGameMemeIpad */ = {
			isa = PBXNativeTarget;
			buildConfigurationList = 2B128F4F18883ABF0055F6A3 /* Build configuration list for PBXNativeTarget "DrinkingGameMemeIpad" */;
			buildPhases = (
				2B128F1918883ABF0055F6A3 /* Sources */,
				2B128F1A18883ABF0055F6A3 /* Frameworks */,
				2B128F1B18883ABF0055F6A3 /* Resources */,
			);
			buildRules = (
			);
			dependencies = (
			);
			name = DrinkingGameMemeIpad;
			productName = DrinkingGameMemeIpad;
			productReference = 2B128F1D18883ABF0055F6A3 /* DrinkingGameMemeIpad.app */;
			productType = "com.apple.product-type.application";
		};
		2B128F3D18883ABF0055F6A3 /* DrinkingGameMemeIpadTests */ = {
			isa = PBXNativeTarget;
			buildConfigurationList = 2B128F5218883ABF0055F6A3 /* Build configuration list for PBXNativeTarget "DrinkingGameMemeIpadTests" */;
			buildPhases = (
				2B128F3A18883ABF0055F6A3 /* Sources */,
				2B128F3B18883ABF0055F6A3 /* Frameworks */,
				2B128F3C18883ABF0055F6A3 /* Resources */,
			);
			buildRules = (
			);
			dependencies = (
				2B128F4418883ABF0055F6A3 /* PBXTargetDependency */,
			);
			name = DrinkingGameMemeIpadTests;
			productName = DrinkingGameMemeIpadTests;
			productReference = 2B128F3E18883ABF0055F6A3 /* DrinkingGameMemeIpadTests.xctest */;
			productType = "com.apple.product-type.bundle.unit-test";
		};
/* End PBXNativeTarget section */

/* Begin PBXProject section */
		2B128F1518883ABF0055F6A3 /* Project object */ = {
			isa = PBXProject;
			attributes = {
				CLASSPREFIX = CLS;
				LastUpgradeCheck = 0500;
				ORGANIZATIONNAME = Celo;
				TargetAttributes = {
					2B128F3D18883ABF0055F6A3 = {
						TestTargetID = 2B128F1C18883ABF0055F6A3;
					};
				};
			};
			buildConfigurationList = 2B128F1818883ABF0055F6A3 /* Build configuration list for PBXProject "DrinkingGameMemeIpad" */;
			compatibilityVersion = "Xcode 3.2";
			developmentRegion = English;
			hasScannedForEncodings = 0;
			knownRegions = (
				en,
				Base,
			);
			mainGroup = 2B128F1418883ABF0055F6A3;
			productRefGroup = 2B128F1E18883ABF0055F6A3 /* Products */;
			projectDirPath = "";
			projectRoot = "";
			targets = (
				2B128F1C18883ABF0055F6A3 /* DrinkingGameMemeIpad */,
				2B128F3D18883ABF0055F6A3 /* DrinkingGameMemeIpadTests */,
			);
		};
/* End PBXProject section */

/* Begin PBXResourcesBuildPhase section */
		2B128F1B18883ABF0055F6A3 /* Resources */ = {
			isa = PBXResourcesBuildPhase;
			buildActionMask = 2147483647;
			files = (
				2B128F58188841660055F6A3 /* SERPENTES E ESCADAS.jpg in Resources */,
				2B128F5A188843B00055F6A3 /* troll_face_small.png in Resources */,
				2B128F601888AC3D0055F6A3 /* troll_face_small copy.png in Resources */,
				2B128F3918883ABF0055F6A3 /* Images.xcassets in Resources */,
				2B128F5C1888A6C80055F6A3 /* drinking_game.jpg in Resources */,
				2B128F2B18883ABF0055F6A3 /* InfoPlist.strings in Resources */,
				2B128F5F1888AC3D0055F6A3 /* drinking_game.png in Resources */,
				2B128F3418883ABF0055F6A3 /* Main.storyboard in Resources */,
			);
			runOnlyForDeploymentPostprocessing = 0;
		};
		2B128F3C18883ABF0055F6A3 /* Resources */ = {
			isa = PBXResourcesBuildPhase;
			buildActionMask = 2147483647;
			files = (
				2B128F4A18883ABF0055F6A3 /* InfoPlist.strings in Resources */,
			);
			runOnlyForDeploymentPostprocessing = 0;
		};
/* End PBXResourcesBuildPhase section */

/* Begin PBXSourcesBuildPhase section */
		2B128F1918883ABF0055F6A3 /* Sources */ = {
			isa = PBXSourcesBuildPhase;
			buildActionMask = 2147483647;
			files = (
				2B128F2D18883ABF0055F6A3 /* main.m in Sources */,
				2B128F3118883ABF0055F6A3 /* CLSAppDelegate.m in Sources */,
				2B128F3718883ABF0055F6A3 /* CLSViewController.m in Sources */,
			);
			runOnlyForDeploymentPostprocessing = 0;
		};
		2B128F3A18883ABF0055F6A3 /* Sources */ = {
			isa = PBXSourcesBuildPhase;
			buildActionMask = 2147483647;
			files = (
				2B128F4C18883ABF0055F6A3 /* DrinkingGameMemeIpadTests.m in Sources */,
			);
			runOnlyForDeploymentPostprocessing = 0;
		};
/* End PBXSourcesBuildPhase section */

/* Begin PBXTargetDependency section */
		2B128F4418883ABF0055F6A3 /* PBXTargetDependency */ = {
			isa = PBXTargetDependency;
			target = 2B128F1C18883ABF0055F6A3 /* DrinkingGameMemeIpad */;
			targetProxy = 2B128F4318883ABF0055F6A3 /* PBXContainerItemProxy */;
		};
/* End PBXTargetDependency section */

/* Begin PBXVariantGroup section */
		2B128F2918883ABF0055F6A3 /* InfoPlist.strings */ = {
			isa = PBXVariantGroup;
			children = (
				2B128F2A18883ABF0055F6A3 /* en */,
			);
			name = InfoPlist.strings;
			sourceTree = "<group>";
		};
		2B128F3218883ABF0055F6A3 /* Main.storyboard */ = {
			isa = PBXVariantGroup;
			children = (
				2B128F3318883ABF0055F6A3 /* Base */,
			);
			name = Main.storyboard;
			sourceTree = "<group>";
		};
		2B128F4818883ABF0055F6A3 /* InfoPlist.strings */ = {
			isa = PBXVariantGroup;
			children = (
				2B128F4918883ABF0055F6A3 /* en */,
			);
			name = InfoPlist.strings;
			sourceTree = "<group>";
		};
/* End PBXVariantGroup section */

/* Begin XCBuildConfiguration section */
		2B128F4D18883ABF0055F6A3 /* Debug */ = {
			isa = XCBuildConfiguration;
			buildSettings = {
				ALWAYS_SEARCH_USER_PATHS = NO;
				ARCHS = "$(ARCHS_STANDARD_INCLUDING_64_BIT)";
				CLANG_CXX_LANGUAGE_STANDARD = "gnu++0x";
				CLANG_CXX_LIBRARY = "libc++";
				CLANG_ENABLE_MODULES = YES;
				CLANG_ENABLE_OBJC_ARC = YES;
				CLANG_WARN_BOOL_CONVERSION = YES;
				CLANG_WARN_CONSTANT_CONVERSION = YES;
				CLANG_WARN_DIRECT_OBJC_ISA_USAGE = YES_ERROR;
				CLANG_WARN_EMPTY_BODY = YES;
				CLANG_WARN_ENUM_CONVERSION = YES;
				CLANG_WARN_INT_CONVERSION = YES;
				CLANG_WARN_OBJC_ROOT_CLASS = YES_ERROR;
				CLANG_WARN__DUPLICATE_METHOD_MATCH = YES;
				"CODE_SIGN_IDENTITY[sdk=iphoneos*]" = "iPhone Developer";
				COPY_PHASE_STRIP = NO;
				GCC_C_LANGUAGE_STANDARD = gnu99;
				GCC_DYNAMIC_NO_PIC = NO;
				GCC_OPTIMIZATION_LEVEL = 0;
				GCC_PREPROCESSOR_DEFINITIONS = (
					"DEBUG=1",
					"$(inherited)",
				);
				GCC_SYMBOLS_PRIVATE_EXTERN = NO;
				GCC_WARN_64_TO_32_BIT_CONVERSION = YES;
				GCC_WARN_ABOUT_RETURN_TYPE = YES_ERROR;
				GCC_WARN_UNDECLARED_SELECTOR = YES;
				GCC_WARN_UNINITIALIZED_AUTOS = YES;
				GCC_WARN_UNUSED_FUNCTION = YES;
				GCC_WARN_UNUSED_VARIABLE = YES;
				IPHONEOS_DEPLOYMENT_TARGET = 7.0;
				ONLY_ACTIVE_ARCH = YES;
				SDKROOT = iphoneos;
				TARGETED_DEVICE_FAMILY = 2;
			};
			name = Debug;
		};
		2B128F4E18883ABF0055F6A3 /* Release */ = {
			isa = XCBuildConfiguration;
			buildSettings = {
				ALWAYS_SEARCH_USER_PATHS = NO;
				ARCHS = "$(ARCHS_STANDARD_INCLUDING_64_BIT)";
				CLANG_CXX_LANGUAGE_STANDARD = "gnu++0x";
				CLANG_CXX_LIBRARY = "libc++";
				CLANG_ENABLE_MODULES = YES;
				CLANG_ENABLE_OBJC_ARC = YES;
				CLANG_WARN_BOOL_CONVERSION = YES;
				CLANG_WARN_CONSTANT_CONVERSION = YES;
				CLANG_WARN_DIRECT_OBJC_ISA_USAGE = YES_ERROR;
				CLANG_WARN_EMPTY_BODY = YES;
				CLANG_WARN_ENUM_CONVERSION = YES;
				CLANG_WARN_INT_CONVERSION = YES;
				CLANG_WARN_OBJC_ROOT_CLASS = YES_ERROR;
				CLANG_WARN__DUPLICATE_METHOD_MATCH = YES;
				"CODE_SIGN_IDENTITY[sdk=iphoneos*]" = "iPhone Developer";
				COPY_PHASE_STRIP = YES;
				ENABLE_NS_ASSERTIONS = NO;
				GCC_C_LANGUAGE_STANDARD = gnu99;
				GCC_WARN_64_TO_32_BIT_CONVERSION = YES;
				GCC_WARN_ABOUT_RETURN_TYPE = YES_ERROR;
				GCC_WARN_UNDECLARED_SELECTOR = YES;
				GCC_WARN_UNINITIALIZED_AUTOS = YES;
				GCC_WARN_UNUSED_FUNCTION = YES;
				GCC_WARN_UNUSED_VARIABLE = YES;
				IPHONEOS_DEPLOYMENT_TARGET = 7.0;
				SDKROOT = iphoneos;
				TARGETED_DEVICE_FAMILY = 2;
				VALIDATE_PRODUCT = YES;
			};
			name = Release;
		};
		2B128F5018883ABF0055F6A3 /* Debug */ = {
			isa = XCBuildConfiguration;
			buildSettings = {
				ASSETCATALOG_COMPILER_APPICON_NAME = AppIcon;
				ASSETCATALOG_COMPILER_LAUNCHIMAGE_NAME = LaunchImage;
				GCC_PRECOMPILE_PREFIX_HEADER = YES;
				GCC_PREFIX_HEADER = "DrinkingGameMemeIpad/DrinkingGameMemeIpad-Prefix.pch";
				INFOPLIST_FILE = "DrinkingGameMemeIpad/DrinkingGameMemeIpad-Info.plist";
				PRODUCT_NAME = "$(TARGET_NAME)";
				WRAPPER_EXTENSION = app;
			};
			name = Debug;
		};
		2B128F5118883ABF0055F6A3 /* Release */ = {
			isa = XCBuildConfiguration;
			buildSettings = {
				ASSETCATALOG_COMPILER_APPICON_NAME = AppIcon;
				ASSETCATALOG_COMPILER_LAUNCHIMAGE_NAME = LaunchImage;
				GCC_PRECOMPILE_PREFIX_HEADER = YES;
				GCC_PREFIX_HEADER = "DrinkingGameMemeIpad/DrinkingGameMemeIpad-Prefix.pch";
				INFOPLIST_FILE = "DrinkingGameMemeIpad/DrinkingGameMemeIpad-Info.plist";
				PRODUCT_NAME = "$(TARGET_NAME)";
				WRAPPER_EXTENSION = app;
			};
			name = Release;
		};
		2B128F5318883ABF0055F6A3 /* Debug */ = {
			isa = XCBuildConfiguration;
			buildSettings = {
				ARCHS = "$(ARCHS_STANDARD_INCLUDING_64_BIT)";
				BUNDLE_LOADER = "$(BUILT_PRODUCTS_DIR)/DrinkingGameMemeIpad.app/DrinkingGameMemeIpad";
				FRAMEWORK_SEARCH_PATHS = (
					"$(SDKROOT)/Developer/Library/Frameworks",
					"$(inherited)",
					"$(DEVELOPER_FRAMEWORKS_DIR)",
				);
				GCC_PRECOMPILE_PREFIX_HEADER = YES;
				GCC_PREFIX_HEADER = "DrinkingGameMemeIpad/DrinkingGameMemeIpad-Prefix.pch";
				GCC_PREPROCESSOR_DEFINITIONS = (
					"DEBUG=1",
					"$(inherited)",
				);
				INFOPLIST_FILE = "DrinkingGameMemeIpadTests/DrinkingGameMemeIpadTests-Info.plist";
				PRODUCT_NAME = "$(TARGET_NAME)";
				TEST_HOST = "$(BUNDLE_LOADER)";
				WRAPPER_EXTENSION = xctest;
			};
			name = Debug;
		};
		2B128F5418883ABF0055F6A3 /* Release */ = {
			isa = XCBuildConfiguration;
			buildSettings = {
				ARCHS = "$(ARCHS_STANDARD_INCLUDING_64_BIT)";
				BUNDLE_LOADER = "$(BUILT_PRODUCTS_DIR)/DrinkingGameMemeIpad.app/DrinkingGameMemeIpad";
				FRAMEWORK_SEARCH_PATHS = (
					"$(SDKROOT)/Developer/Library/Frameworks",
					"$(inherited)",
					"$(DEVELOPER_FRAMEWORKS_DIR)",
				);
				GCC_PRECOMPILE_PREFIX_HEADER = YES;
				GCC_PREFIX_HEADER = "DrinkingGameMemeIpad/DrinkingGameMemeIpad-Prefix.pch";
				INFOPLIST_FILE = "DrinkingGameMemeIpadTests/DrinkingGameMemeIpadTests-Info.plist";
				PRODUCT_NAME = "$(TARGET_NAME)";
				TEST_HOST = "$(BUNDLE_LOADER)";
				WRAPPER_EXTENSION = xctest;
			};
			name = Release;
		};
/* End XCBuildConfiguration section */

/* Begin XCConfigurationList section */
		2B128F1818883ABF0055F6A3 /* Build configuration list for PBXProject "DrinkingGameMemeIpad" */ = {
			isa = XCConfigurationList;
			buildConfigurations = (
				2B128F4D18883ABF0055F6A3 /* Debug */,
				2B128F4E18883ABF0055F6A3 /* Release */,
			);
			defaultConfigurationIsVisible = 0;
			defaultConfigurationName = Release;
		};
		2B128F4F18883ABF0055F6A3 /* Build configuration list for PBXNativeTarget "DrinkingGameMemeIpad" */ = {
			isa = XCConfigurationList;
			buildConfigurations = (
				2B128F5018883ABF0055F6A3 /* Debug */,
				2B128F5118883ABF0055F6A3 /* Release */,
			);
			defaultConfigurationIsVisible = 0;
		};
		2B128F5218883ABF0055F6A3 /* Build configuration list for PBXNativeTarget "DrinkingGameMemeIpadTests" */ = {
			isa = XCConfigurationList;
			buildConfigurations = (
				2B128F5318883ABF0055F6A3 /* Debug */,
				2B128F5418883ABF0055F6A3 /* Release */,
			);
			defaultConfigurationIsVisible = 0;
		};
/* End XCConfigurationList section */
	};
	rootObject = 2B128F1518883ABF0055F6A3 /* Project object */;
}
